<?xml version="1.0" encoding="utf-8"?>
<Project ToolsVersion="4.0" xmlns="http://schemas.microsoft.com/developer/msbuild/2003">
  <ItemGroup>
    <ClCompile Include="myplane.cpp" />
    <ClCompile Include="playerplane1.cpp" />
    <ClCompile Include="utils.cpp" />
    <ClCompile Include="plane.cpp">
      <Filter>plane</Filter>
    </ClCompile>
    <ClCompile Include="plane0.cpp">
      <Filter>plane</Filter>
    </ClCompile>
    <ClCompile Include="planemanager.cpp">
      <Filter>plane</Filter>
    </ClCompile>
    <ClCompile Include="bullet0.cpp">
      <Filter>bullet</Filter>
    </ClCompile>
    <ClCompile Include="bulletbase.cpp">
      <Filter>bullet</Filter>
    </ClCompile>
    <ClCompile Include="bulletmanager.cpp">
      <Filter>bullet</Filter>
    </ClCompile>
    <ClCompile Include="canvas.cpp">
      <Filter>canvas</Filter>
    </ClCompile>
    <ClCompile Include="consolecanvas.cpp">
      <Filter>canvas</Filter>
    </ClCompile>
    <ClCompile Include="plane1.cpp">
      <Filter>plane</Filter>
    </ClCompile>
    <ClCompile Include="bkmanager.cpp">
      <Filter>background</Filter>
    </ClCompile>
    <ClCompile Include="picturemanager.cpp">
      <Filter>picture</Filter>
    </ClCompile>
    <ClCompile Include="picture.cpp">
      <Filter>picture</Filter>
    </ClCompile>
    <ClCompile Include="xml.cpp">
      <Filter>xml</Filter>
    </ClCompile>
    <ClCompile Include="planeconfig.cpp">
      <Filter>plane</Filter>
    </ClCompile>
    <ClCompile Include="stage.cpp">
      <Filter>stage</Filter>
    </ClCompile>
    <ClCompile Include="eventmanager.cpp">
      <Filter>stage</Filter>
    </ClCompile>
    <ClCompile Include="stageconfig.cpp">
      <Filter>stage</Filter>
    </ClCompile>
    <ClCompile Include="background.cpp">
      <Filter>stage</Filter>
    </ClCompile>
    <ClCompile Include="stageeventandtrigger.cpp">
      <Filter>stage</Filter>
    </ClCompile>
    <ClCompile Include="stagemanager.cpp">
      <Filter>stage</Filter>
    </ClCompile>
    <ClCompile Include="dccanvas.cpp">
      <Filter>canvas</Filter>
    </ClCompile>
    <ClCompile Include="bullet1.cpp">
      <Filter>bullet</Filter>
    </ClCompile>
    <ClCompile Include="bulletconfig.cpp">
      <Filter>bullet</Filter>
    </ClCompile>
    <ClCompile Include="bulletbehaviour0control.cpp">
      <Filter>behaviour\bulletbehaviour</Filter>
    </ClCompile>
    <ClCompile Include="bulletbehaviourcontrol.cpp">
      <Filter>behaviour\bulletbehaviour</Filter>
    </ClCompile>
    <ClCompile Include="bulletbehaviourcontrolmanager.cpp">
      <Filter>behaviour\bulletbehaviour</Filter>
    </ClCompile>
    <ClCompile Include="behaviour0control.cpp">
      <Filter>behaviour\planebehaviour</Filter>
    </ClCompile>
    <ClCompile Include="behaviourcontrol.cpp">
      <Filter>behaviour\planebehaviour</Filter>
    </ClCompile>
    <ClCompile Include="behaviourcontrolmanager.cpp">
      <Filter>behaviour\planebehaviour</Filter>
    </ClCompile>
    <ClCompile Include="keyboardcontrol.cpp">
      <Filter>behaviour\planebehaviour</Filter>
    </ClCompile>
    <ClCompile Include="collisionmap.cpp">
      <Filter>collision</Filter>
    </ClCompile>
    <ClCompile Include="sound.cpp" />
    <ClCompile Include="bulletemitter.cpp">
      <Filter>bulletemitter</Filter>
    </ClCompile>
    <ClCompile Include="bulletemittermanager.cpp">
      <Filter>bulletemitter</Filter>
    </ClCompile>
    <ClCompile Include="guimanager.cpp">
      <Filter>gui</Filter>
    </ClCompile>
    <ClCompile Include="uinode.cpp">
      <Filter>gui</Filter>
    </ClCompile>
    <ClCompile Include="uilabel.cpp">
      <Filter>gui</Filter>
    </ClCompile>
    <ClCompile Include="uiinformation.cpp">
      <Filter>gui</Filter>
    </ClCompile>
    <ClCompile Include="uiimage.cpp">
      <Filter>gui</Filter>
    </ClCompile>
    <ClCompile Include="textlibrary.cpp">
      <Filter>gui</Filter>
    </ClCompile>
    <ClCompile Include="truecolorconsolecanvas.cpp">
      <Filter>canvas</Filter>
    </ClCompile>
  </ItemGroup>
  <ItemGroup>
    <ClInclude Include="playerplane0.h" />
    <ClInclude Include="types.h" />
    <ClInclude Include="utils.h" />
    <ClInclude Include="plane.h">
      <Filter>plane</Filter>
    </ClInclude>
    <ClInclude Include="plane0.h">
      <Filter>plane</Filter>
    </ClInclude>
    <ClInclude Include="planemanager.h">
      <Filter>plane</Filter>
    </ClInclude>
    <ClInclude Include="bullet0.h">
      <Filter>bullet</Filter>
    </ClInclude>
    <ClInclude Include="bulletbase.h">
      <Filter>bullet</Filter>
    </ClInclude>
    <ClInclude Include="bulletmanager.h">
      <Filter>bullet</Filter>
    </ClInclude>
    <ClInclude Include="canvas.h">
      <Filter>canvas</Filter>
    </ClInclude>
    <ClInclude Include="consolecanvas.h">
      <Filter>canvas</Filter>
    </ClInclude>
    <ClInclude Include="plane1.h">
      <Filter>plane</Filter>
    </ClInclude>
    <ClInclude Include="bkmanager.h">
      <Filter>background</Filter>
    </ClInclude>
    <ClInclude Include="picturemanager.h">
      <Filter>picture</Filter>
    </ClInclude>
    <ClInclude Include="picture.h">
      <Filter>picture</Filter>
    </ClInclude>
    <ClInclude Include="stb_image.h" />
    <ClInclude Include="stb_image_resize.h" />
    <ClInclude Include="xml.h">
      <Filter>xml</Filter>
    </ClInclude>
    <ClInclude Include="rapidxml.h" />
    <ClInclude Include="planeconfig.h">
      <Filter>plane</Filter>
    </ClInclude>
    <ClInclude Include="stage.h">
      <Filter>stage</Filter>
    </ClInclude>
    <ClInclude Include="eventmanager.h">
      <Filter>stage</Filter>
    </ClInclude>
    <ClInclude Include="stageconfig.h">
      <Filter>stage</Filter>
    </ClInclude>
    <ClInclude Include="background.h">
      <Filter>stage</Filter>
    </ClInclude>
    <ClInclude Include="stageeventandtrigger.h">
      <Filter>stage</Filter>
    </ClInclude>
    <ClInclude Include="stagemanager.h">
      <Filter>stage</Filter>
    </ClInclude>
    <ClInclude Include="dccanvas.h">
      <Filter>canvas</Filter>
    </ClInclude>
    <ClInclude Include="bullet1.h">
      <Filter>bullet</Filter>
    </ClInclude>
    <ClInclude Include="bulletconfig.h">
      <Filter>bullet</Filter>
    </ClInclude>
    <ClInclude Include="bulletbehaviour0control.h">
      <Filter>behaviour\bulletbehaviour</Filter>
    </ClInclude>
    <ClInclude Include="bulletbehaviourcontrol.h">
      <Filter>behaviour\bulletbehaviour</Filter>
    </ClInclude>
    <ClInclude Include="bulletbehaviourcontrolmanager.h">
      <Filter>behaviour\bulletbehaviour</Filter>
    </ClInclude>
    <ClInclude Include="behaviour0control.h">
      <Filter>behaviour\planebehaviour</Filter>
    </ClInclude>
    <ClInclude Include="behaviourcontrol.h">
      <Filter>behaviour\planebehaviour</Filter>
    </ClInclude>
    <ClInclude Include="behaviourcontrolmanager.h">
      <Filter>behaviour\planebehaviour</Filter>
    </ClInclude>
    <ClInclude Include="keyboardcontrol.h">
      <Filter>behaviour\planebehaviour</Filter>
    </ClInclude>
    <ClInclude Include="collisionmap.h">
      <Filter>collision</Filter>
    </ClInclude>
    <ClInclude Include="sound.h" />
    <ClInclude Include="bulletemitter.h">
      <Filter>bulletemitter</Filter>
    </ClInclude>
    <ClInclude Include="bulletemittermanager.h">
      <Filter>bulletemitter</Filter>
    </ClInclude>
    <ClInclude Include="guimanager.h">
      <Filter>gui</Filter>
    </ClInclude>
    <ClInclude Include="uinode.h">
      <Filter>gui</Filter>
    </ClInclude>
    <ClInclude Include="uilabel.h">
      <Filter>gui</Filter>
    </ClInclude>
    <ClInclude Include="uiinformation.h">
      <Filter>gui</Filter>
    </ClInclude>
    <ClInclude Include="uiimage.h">
      <Filter>gui</Filter>
    </ClInclude>
    <ClInclude Include="textlibrary.h">
      <Filter>gui</Filter>
    </ClInclude>
    <ClInclude Include="truecolorconsolecanvas.h">
      <Filter>canvas</Filter>
    </ClInclude>
  </ItemGroup>
  <ItemGroup>
    <Filter Include="plane">
      <UniqueIdentifier>{7d2f6730-8f15-4f8c-acab-5f7849eab123}</UniqueIdentifier>
    </Filter>
    <Filter Include="bullet">
      <UniqueIdentifier>{f79150f6-d32a-4186-8d1e-115cf14daae6}</UniqueIdentifier>
    </Filter>
    <Filter Include="behaviour">
      <UniqueIdentifier>{d438d6a7-f494-4fe2-9e56-0a268a92227a}</UniqueIdentifier>
    </Filter>
    <Filter Include="canvas">
      <UniqueIdentifier>{d8777881-5497-4425-942a-dad119b50c43}</UniqueIdentifier>
    </Filter>
    <Filter Include="gui">
      <UniqueIdentifier>{50818e1b-8247-40aa-8ae2-f8c57e0fdf7d}</UniqueIdentifier>
    </Filter>
    <Filter Include="background">
      <UniqueIdentifier>{bddcf250-8b8e-4981-92c5-8380387a2473}</UniqueIdentifier>
    </Filter>
    <Filter Include="picture">
      <UniqueIdentifier>{5a2b5bed-72e1-4aaa-acd2-13143e6d1852}</UniqueIdentifier>
    </Filter>
    <Filter Include="xml">
      <UniqueIdentifier>{ad76c045-ef78-45da-8962-169bdc40a7e2}</UniqueIdentifier>
    </Filter>
    <Filter Include="stage">
      <UniqueIdentifier>{9ad7847a-5d7b-4a1f-9a6d-f4bb902528a5}</UniqueIdentifier>
    </Filter>
    <Filter Include="behaviour\planebehaviour">
      <UniqueIdentifier>{3e046822-7313-4e0d-9529-ddb6b287f533}</UniqueIdentifier>
    </Filter>
    <Filter Include="behaviour\bulletbehaviour">
      <UniqueIdentifier>{69e198b3-e645-463c-991f-1b1c4c7102d1}</UniqueIdentifier>
    </Filter>
    <Filter Include="collision">
      <UniqueIdentifier>{c736ce2a-e0ec-41f9-b39b-8e1cf88dc955}</UniqueIdentifier>
    </Filter>
    <Filter Include="bulletemitter">
      <UniqueIdentifier>{e1567201-e7cf-45a1-b3d7-59e859ce4f8f}</UniqueIdentifier>
    </Filter>
  </ItemGroup>
</Project>